
Microsoft Visual Studio Solution File, Format Version 12.00
# Visual Studio Version 16
VisualStudioVersion = 16.0.29102.190
MinimumVisualStudioVersion = 10.0.40219.1
Project("{FAE04EC0-301F-11D3-BF4B-00C04F79EFBC}") = "Sistema.Entidades", "Sistema.Entidades\Sistema.Entidades.csproj", "{8493F321-ACA0-4953-AFF7-460028151C9B}"
EndProject
Project("{FAE04EC0-301F-11D3-BF4B-00C04F79EFBC}") = "Sistema.Datos", "Sistema.Datos\Sistema.Datos.csproj", "{62ED7112-3491-4656-8165-9EFFE2C952AD}"
EndProject
Project("{FAE04EC0-301F-11D3-BF4B-00C04F79EFBC}") = "Sistema.Web", "Sistema.Web\Sistema.Web.csproj", "{6063AA33-096C-459E-852E-1625FC50EF98}"
EndProject
Global
	GlobalSection(SolutionConfigurationPlatforms) = preSolution
		Debug|Any CPU = Debug|Any CPU
		Release|Any CPU = Release|Any CPU
	EndGlobalSection
	GlobalSection(ProjectConfigurationPlatforms) = postSolution
		{8493F321-ACA0-4953-AFF7-460028151C9B}.Debug|Any CPU.ActiveCfg = Debug|Any CPU
		{8493F321-ACA0-4953-AFF7-460028151C9B}.Debug|Any CPU.Build.0 = Debug|Any CPU
		{8493F321-ACA0-4953-AFF7-460028151C9B}.Release|Any CPU.ActiveCfg = Release|Any CPU
		{8493F321-ACA0-4953-AFF7-460028151C9B}.Release|Any CPU.Build.0 = Release|Any CPU
		{62ED7112-3491-4656-8165-9EFFE2C952AD}.Debug|Any CPU.ActiveCfg = Debug|Any CPU
		{62ED7112-3491-4656-8165-9EFFE2C952AD}.Debug|Any CPU.Build.0 = Debug|Any CPU
		{62ED7112-3491-4656-8165-9EFFE2C952AD}.Release|Any CPU.ActiveCfg = Release|Any CPU
		{62ED7112-3491-4656-8165-9EFFE2C952AD}.Release|Any CPU.Build.0 = Release|Any CPU
		{6063AA33-096C-459E-852E-1625FC50EF98}.Debug|Any CPU.ActiveCfg = Debug|Any CPU
		{6063AA33-096C-459E-852E-1625FC50EF98}.Debug|Any CPU.Build.0 = Debug|Any CPU
		{6063AA33-096C-459E-852E-1625FC50EF98}.Release|Any CPU.ActiveCfg = Release|Any CPU
		{6063AA33-096C-459E-852E-1625FC50EF98}.Release|Any CPU.Build.0 = Release|Any CPU
	EndGlobalSection
	GlobalSection(SolutionProperties) = preSolution
		HideSolutionNode = FALSE
	EndGlobalSection
	GlobalSection(ExtensibilityGlobals) = postSolution
		SolutionGuid = {E4BC174C-F5AC-4D31-85DB-27831A54D57A}
	EndGlobalSection
EndGlobal
